locks:
  f/agentic/lumir_v0.flow:
    __flow_hash: e29e9d2717843b7270186f64db14229509328a53a5f970de04f5880ae207a567
    general_agent.inline_script.py: 67ef24e20c4664238974745c372984f7f7b1b6b22ac32fa5a12a8699ef6978f1
    get_user_history.inline_script.py: 8b5289726b1854e2f615a34588d977f215505f942384af206232c13b70b1af35
    memory_agent_select_action.inline_script.py: fc44c6a139236cbd7dccf8058100b4c54d3972876fd8635d42b1308aa625627a
    memory_check_agent.inline_script.py: 3a5ad7407d7aabbd29c49d205f4f2714a15d99f92e1da10c1ed8a8950991dd3d
    numerology_agent_answer.inline_script.py: 9560d57ce403282ff71c82936ecb7ac93376c628966708f84b9667f9fadc05f0
    output.inline_script.py: bb3a04eca831038cf4fb5b0c37dd68edfedbbd94e9899c7f79b717aad7eff5d8
    question_analyzer.inline_script.py: fe37ab13655048260d1b75b7c43d4ec8316f0121611bf7c6770c82ed55303de0
    synthesize_agent.inline_script.py: cb879c541af2bd3fc7a21f0d0f088d96b1ef5298397227967d85cb43e5061d9e
    trading_agent_answer.inline_script.py: 308bfaf93aed0456119e6c85025f909ff99e47e30e8c804a7b38f14867011886
    update_memory.inline_script.py: bf76c7f25cca855019f4c777d3e750d7ea5c190be8b95abbba5f6f495d031ca3
  f/agentic/lumirv1/streaming.flow:
    __flow_hash: c1174902edef83a74eb21c89cb496922d0f82d9ad056573908152bcfee811ef3
    decompose.inline_script.py: 7416bc93c20c82fe7dc785e5fc5588db9514e067c217fa5111276924dbb12c79
    lumir.inline_script.py: 0ff35a9039d93f78d36a0e09907bb3ee8a51a285adf0e4fb343c282056fdce0d
    synthesize.inline_script.py: b4d259d5932e7f585bfbe427693f5346273eb206b0e0b6e12994bc14be0601b6
    tbi.inline_script.py: bce927b29cff28cbbd9a108cbf38be9e7318c3466594a1901cf215512fbdd86e
    trading.inline_script.py: c62bd8c14613cc1380fad234205b565207ea055e8ca1e345a5a985e6222f86c9
    validator.inline_script.py: b9b6eb8dcddc5b72ffdf2c49ed2b84acc9452c43662750b27863265789e1dfe2
  f/finnew/bonny_flow.flow:
    __flow_hash: e88d85e49294b8fbdd2e23eef0f4025f43aaece118a249fff20dd49175d7dc7b
    check_api_health.inline_script.py: acb83b12dcffae7f29b8f8ce37d313ad3be35eecd4e60d538f5ac99de2fe094a
    csv_report.inline_script.py: 1807b762b2d900f9f7074ee87a877419816f38180856eed42575f10f71e87752
    download_last_day's_csv.inline_script.py: dc1bb505cd45603014fec13bd2652fe8a1577315122b3c1210e71d09b7972fcf
    dump.inline_script.py: 080d8d0249914c710a6c871cde21feea22c1933f978945a8d370d46d0bbbd908
    excel_report.inline_script.py: d7c7fca5db8763049e66cc7933387bc15426e37110292615e9985b1707e230ce
    fetch_index_fluctuation.inline_script.py: 227d5a53aba892807b92da8982f1794247258cf9bc5cdc5f275fcbf8e21c93b3
    fetch_index_summary.inline_script.py: b6dac513a13c62874fc096bda7207c06a8d76a1576256e29a96695ed3f3b07ad
    fetch_interested_stocks.inline_script.py: 1f152c65c94ed8bf9fea5bf565aa5283d84acc7c4383098e9e2460c38af98201
    fetch_khoi_ngoai.inline_script.py: 1d8ca3ff5a07654770c8da63b73188f48f3adaa3ab8289344d99893c6dd12791
    fetch_khoi_tu_doanh.inline_script.py: dfb7ceb36e9e12b66cd5dd11ccf2092897775961d463c11d5a10b2f17a7fea2c
    fetch_netforeign_data.inline_script.py: 06511cbe36673e1ca85d29a5c424c4d4ec3049b5e41f2b97b7589603fc2dec82
    fetch_sectors_data.inline_script.py: 0d571942de9a4fd323e118dcd430d2d68a7e231b3b5b887563d9f7a303cc0649
    inline_script_0.inline_script.py: 2b3bbbef6808429f78b0c74d7c2afad3307e286a8bf3bc5e1e5a5814b490e7c6
    inline_script_1.inline_script.py: 9dfd4754470f070638e19d1f01f2ef3e4804472aa0335f7d52a1286ba677e293
    inline_script_2.inline_script.py: e38aa9dcd3d87f5ddbdae4cda77f1c4a53dc96707329b962c6fb57dab02bb2be
    validate_data_quality.inline_script.py: be6d611ba6d00b893c4972a940fb6efb57c2515ed49e7f6e5b2c647e4141a601
    validated_config.inline_script.py: 50acfc2a30e7a2f9d35175c1920e86d94f96da7c1e5a019b3fefe15ec6d7266c
  f/finnew/example_script: 75b02eed5ff8c198e0098760ce2a279409ead8a60e2bd9e81442531ab586b9a0
  f/finnew/hands_down_flow.flow:
    __flow_hash: 116dfd72e17b72fae02c6a18b0de094843b0e9baaf8f0d596a519e637aca840d
    create_csv_file.inline_script.py: 131ac61d41a666cb83656e0807cd1e0e3a0fcc1ac2b2db7494b9f4cbaa205473
    index_fluctuation.inline_script.py: 74ed5a2a7fc46103fa82e91fe5e3981bc6be498573b8e9ebbb591c1a54f59648
    index_summary.inline_script.py: a2863b47389d40ff1397f4d299b740c240d82ad2eed7b16b30e09dff80b2fef6
    inline_script_0.inline_script.py: 90cb5facceac545de9398b886be71478291d4a798eef8471f6ec17ae36d5328b
    khoi_ngoai.inline_script.py: 0bf15c2d821c8aac634f5eb62db37064fc40566fd51482c2cf359363e42695ee
    khoi_tu_doanh.inline_script.py: 7eb0e1b9f08f4e5d5d7b19509644b0110855cdb1fb0cc7cb10b9b7855363bb16
    merge_input.inline_script.py: 0a5ac4c11652f142261747b8626b1afd1dacf1cecdfeb92088007a2802f488bf
    save_file_png.inline_script.py: 3cdc357a4f44c689964def6bf1bde653df2b66ca0c5eca6a8d36bce1ef1ee9e9
    top_5_`changepercent`_sector.inline_script.py: 06c28048936b21f8a67d323c342fb869c6ea7fc204e9acd96e1662e8b2f468dd
    top_interested.inline_script.py: 758e296fe46f6fe91347b29d0ee800b672e48049694eab300b5f8be289a3d8a0
    top_netforeign.inline_script.py: 7699a37973a32ef8ef67e9fee61760a568e8507043e19e7a0a5e30f6deb46816
  f/finnew/polite_flow.flow:
    __flow_hash: 9ae1b5c11da5e06729cf4e7011df4697e9cc746aed2b9cbde85fbc173a962f84
    generate_targeted_ai_commentary.inline_script.py: 8b848d45aae0c0442fb0f98ef410ea8420a1f73148cf9a68677f6dce783309dc
    inline_script_0.inline_script.py: 3b5384886adbc65dfa3f8f083a5d28322f7be0eb1dc68fa17612710b9c6b0dab
    pdf_template.inline_script.py: a394b2957fab8160657faa0f1a5e889267fe94ebbbe5ba5162fc386401adc39c
    'step_1:_download_csv_from_s3.inline_script.py': d42f24fe79ca8b28e3555605e1342bad82b536551c73950833c8884dd9bb2655
    'step_2:_parse_csv_to_structured_data.inline_script.py': e4f797b9a2056efd265d36ad25708ab8ffc4cd062b902a19be02159a84f389fd
    'step_3:_filter_data_for_analysis.inline_script.py': 54d9a036211ef33c8e583c96b56cfa131f0488e546ec51703b4a1d85ce546044
    text_message_output.inline_script.py: fd90b24452b88881af6ff245a8e3f7e3e0c4027b19c7d31b8e4c78d99740d29c
  f/finnew/report_chung_khoan___improved_version___18_8.flow:
    __flow_hash: 6c294d2e29cd6a6f3a05e8dfd8a428ff5ef536f34e95828e47b256d031855560
    check_api_health.inline_script.py: 7bba872853790c1affcef4197739436eb02d00fa876256ca6c07b2a7f4b11e8a
    csv_report.inline_script.py: 030088ffdf6205071f79257606a2a048823dee3741bcc33d681acf9c2678f421
    download_last_day's_csv.inline_script.py: c70b59f52cf230ca17cedf315dfa5ca9eb7e97b2cd93a39a9f6b0e85c7d06ef3
    dump.inline_script.py: 080d8d0249914c710a6c871cde21feea22c1933f978945a8d370d46d0bbbd908
    email_notification.inline_script.py: 3a3faebec7386d7dc8b54cf7a925cdeb829bbe3fa60c93ede2c41adec58c66a2
    excel_report.inline_script.py: 6ebe887768c7a9843f1b19c78bbbe622c7cbdb45557ce4d0377cef8b91cbb979
    fetch_index_fluctuation.inline_script.py: 227d5a53aba892807b92da8982f1794247258cf9bc5cdc5f275fcbf8e21c93b3
    fetch_index_summary.inline_script.py: b6dac513a13c62874fc096bda7207c06a8d76a1576256e29a96695ed3f3b07ad
    fetch_interested_stocks.inline_script.py: 1f152c65c94ed8bf9fea5bf565aa5283d84acc7c4383098e9e2460c38af98201
    fetch_khoi_ngoai.inline_script.py: d91a616eba118c20b86e9d27c4c87d86faabd3444c6d25edb410538b98d790d5
    fetch_khoi_tu_doanh.inline_script.py: 7693df2304000865a7d1478363f57dbc368c5c9ba4ade46628577632137bc6d0
    fetch_netforeign_data.inline_script.py: 06511cbe36673e1ca85d29a5c424c4d4ec3049b5e41f2b97b7589603fc2dec82
    fetch_sectors_data.inline_script.py: 0d571942de9a4fd323e118dcd430d2d68a7e231b3b5b887563d9f7a303cc0649
    image_generation_based_on_xlsx_report.inline_script.py: 51d26409280a85093c9f4a11f1e66e251cfb73a6b2990bf479af0f1b6e50fdd2
    inline_script_0.inline_script.py: 2b3bbbef6808429f78b0c74d7c2afad3307e286a8bf3bc5e1e5a5814b490e7c6
    inline_script_1.inline_script.py: f16e8ed2328e9fe275d9fa93bed7eb5bc0da62d51ffcb5ab2d117fa536d9b9dd
    logs_main_flow.inline_script.py: e38aa9dcd3d87f5ddbdae4cda77f1c4a53dc96707329b962c6fb57dab02bb2be
    validate_data_quality.inline_script.py: be6d611ba6d00b893c4972a940fb6efb57c2515ed49e7f6e5b2c647e4141a601
    validated_config.inline_script.py: c030626aad2176b2229e8962533ef81c43ee6be0e8df1bf56e23d7589758e310
  f/finnew/report_chung_khoan___improved_version___27_7.flow:
    __flow_hash: 8d1c3443c3b6e3dd745e2ef256e91fb67d4ca89baf4e9d9c010c63683ee081b4
    check_api_health.inline_script.py: 7bba872853790c1affcef4197739436eb02d00fa876256ca6c07b2a7f4b11e8a
    csv_report.inline_script.py: 030088ffdf6205071f79257606a2a048823dee3741bcc33d681acf9c2678f421
    download_last_day's_csv.inline_script.py: 8bf7841f508e0a189b50f502b937389b1896f3df1725ae0301ca941008b52212
    dump.inline_script.py: 080d8d0249914c710a6c871cde21feea22c1933f978945a8d370d46d0bbbd908
    email_notification.inline_script.py: abb3c91dc1d85aa4ecab5565deccc3db30597b1c1d3542021e3965431bb78b74
    excel_report.inline_script.py: 6ebe887768c7a9843f1b19c78bbbe622c7cbdb45557ce4d0377cef8b91cbb979
    fetch_index_fluctuation.inline_script.py: 227d5a53aba892807b92da8982f1794247258cf9bc5cdc5f275fcbf8e21c93b3
    fetch_index_summary.inline_script.py: b6dac513a13c62874fc096bda7207c06a8d76a1576256e29a96695ed3f3b07ad
    fetch_interested_stocks.inline_script.py: 1f152c65c94ed8bf9fea5bf565aa5283d84acc7c4383098e9e2460c38af98201
    fetch_khoi_ngoai.inline_script.py: d91a616eba118c20b86e9d27c4c87d86faabd3444c6d25edb410538b98d790d5
    fetch_khoi_tu_doanh.inline_script.py: 7693df2304000865a7d1478363f57dbc368c5c9ba4ade46628577632137bc6d0
    fetch_netforeign_data.inline_script.py: 06511cbe36673e1ca85d29a5c424c4d4ec3049b5e41f2b97b7589603fc2dec82
    fetch_sectors_data.inline_script.py: 0d571942de9a4fd323e118dcd430d2d68a7e231b3b5b887563d9f7a303cc0649
    image_generation_based_on_xlsx_report.inline_script.py: 51d26409280a85093c9f4a11f1e66e251cfb73a6b2990bf479af0f1b6e50fdd2
    inline_script_0.inline_script.py: 2b3bbbef6808429f78b0c74d7c2afad3307e286a8bf3bc5e1e5a5814b490e7c6
    inline_script_1.inline_script.py: f16e8ed2328e9fe275d9fa93bed7eb5bc0da62d51ffcb5ab2d117fa536d9b9dd
    logs_main_flow.inline_script.py: e38aa9dcd3d87f5ddbdae4cda77f1c4a53dc96707329b962c6fb57dab02bb2be
    validate_data_quality.inline_script.py: be6d611ba6d00b893c4972a940fb6efb57c2515ed49e7f6e5b2c647e4141a601
    validated_config.inline_script.py: c030626aad2176b2229e8962533ef81c43ee6be0e8df1bf56e23d7589758e310
  f/finnew/report_chung_khoan_1.flow:
    __flow_hash: 27ad27aa860cf2275d8f9d7b8a00b277c3dbb38f9053e642b6558661bc00d573
    index_summary.inline_script.py: 39fc36cf22bcd82b09b60d61e9f1d7a7e755fd27630353e82174457e175bb21b
    inline_script_0.inline_script.py: 19d44bf808bb2be22b23765b6fc27c9ecfad3dfc01c36dc8e8378bfd90c57ad1
    inline_script_1.inline_script.py: 2356b7d8cdda75c02be5c932505ccbc150302cc269e23860419abf9ebad285b1
    inline_script_2.inline_script.py: 7b47c8c006c3cb9357ec1e8749de40612d584597d5cae16cf07cd4bdcc309b84
    inline_script_3.inline_script.py: a3a2eb996e4278db118131d880429e38317bf054f23e7c7fb49cf698ed98cfad
    khoi_ngoai.inline_script.py: e774799b156b7dd148bf62a69c17ffbfa3c0ab81061a5332322bf5754fc7b644
    merge_input.inline_script.py: 7c9d350d88b9ffc9d88a1f3ba99e3135ca90ad5f0f7f8420c6e6c21d9888bb7b
    save_file_markdown.inline_script.py: 3d3451e3ad4c0c0420da8ae043196f584676465ed5c954d47922e2ea874de3be
    top_5_`changepercent`_sector.inline_script.py: 8ce80ec82d834976b3dc2c99b56e86fe4a460f8d5ba916ad8665b9104d156907
    use_csv_file.inline_script.py: 4b12793a9b793e64d3c6a2a885063cc10368191de984c085897aecb1369d874e
  f/finnew/report_chung_khoan_1/a: 1a4a6dc7fb9bcaadc769ab622cbb00832cd7bd750fe3cec2b38709b3a271dcaf
  f/finnew/report_chung_khoan_1/n: 28243f77096e02bbb37e0aa4e2d059b301544aa6a559b8cf6a6f0c69e2e784e1
  f/finnew/sweet_flow.flow:
    __flow_hash: d8cb86939ac6f1f4085dc6816d0ba744a4a95123dc046f72560919bc3899448f
    ai_nhận_định.inline_script.py: c955cb4404b0092eab9c3c6d4b4a3c07a0a6676400aba390c99cafddbc6671b1
    download_csv.inline_script.py: 16a748ad0cdde4bbecbdd86f14cee9eb3276336ea735e0951ca5c43017839beb
    message_template.inline_script.py: f303845fc6f706c0656be57ec495b6b7af9f536d3b4e39f159046b596221668a
    parsing_to_dict.inline_script.py: 52c1104dcd5c58457e183095089165feeb838de345dd7cf8e2bba36505962288
    pdf_template.inline_script.py: d921929a2a6b3521770a8c2cf412dc9d5f8eaae5166a913a1533e65d7960f8bf
    validate.inline_script.py: 2a1138d8d2bc85c82de174036fd5f95eb8e6b7a00f87c259ac51c0d7a2d53488
  f/finnews/prod/v1.flow:
    __flow_hash: e3d19afe016f15d9b7e1a02b7bbb55bb26e9bbcce975241fd8023a4dd3987ace
    check_api_health.inline_script.py: 46cde4407b4fdffe8b7290718f99af62c6e8e93092efac9e8d8ef99cd1d5eead
    download_last_day's_json_from_minio.inline_script.py: 2c97c3972100a0045f3e4a5fd9ad4297abe4533194fc666438ef55a1d0b60e0e
    fetch_index_fluctuation.inline_script.py: ff007f791e724f76be37a557ee492c819b1e84ed6b290d630964989b44d1e406
    fetch_index_summary.inline_script.py: 715fcf8557d4e67d7c52297d85fda66280d69786c1ea4bde19eea1aa0778528b
    fetch_interested_stocks.inline_script.py: bc2bec497a9b42532dddc7fd9d16fe1727376096ae0afa2756b4687fec543175
    fetch_khoi_ngoai.inline_script.py: 89ed43c9b51042af0abe07b7a13ffbcbd78597ac5ce93cb5eddb061755ab1135
    fetch_khoi_tu_doanh.inline_script.py: 63d8d39dd075ecd1f97deb3b46776d07267b1bbdd075a6b878f520ba5ce386cf
    fetch_netforeign_data.inline_script.py: 7995b7048d3210678012e47c8186d280583385fd60506ccacda6b38d43a76331
    fetch_sectors_data.inline_script.py: 13e1746446ad05effbb9463d98192bfed6010154eb658aeaa7e92b41bf41df7c
    final_report.inline_script.py: 62468f8cf370346676732527169f5832b2765a92bfd103b39a864cfca3d64653
    inline_script_0.inline_script.py: 298b81236c29fd32be8221e4451ca713c6f06e8044f19df410c2fa8a8df09748
    merged_and_validated_data.inline_script.py: 2f08fed5b2d8074120bd3a83e16377f515e4468445eeecec117e8a5084ee3aba
    save_to_minio_result.inline_script.py: 309056c008b6a75b45837dc4648debb9e140f765a5d622639d431514c5636fe0
    validated_config.inline_script.py: e7b0a43dffe3688c1d935a98d2bc27ad5753f4b61dbe35cd42a4a014ca5c3733
  f/llm_service/beq_v2_optimize.flow:
    __flow_hash: e9537410e76aa114f921d6ef152a2762826b9613761a63d686e3aaf5a094904d
    inline_script_0.inline_script.py: 1386e2f857b31d854dc2cf32deb311c0cfbd1dd10e30cf67a5eeaeca29d1b367
    inline_script_1.inline_script.py: 01a9efe83770b5fc7343fcc94fb1ef37f53658cfa3701576fa05b8820590b31a
    inline_script_2.inline_script.py: 3a55e064a463b002a1625a3df8e6a11a29af717ae92f9a174b2e8eb505fd3b51
    inline_script_3.inline_script.py: 45d11094f1a33cfc675e106e4dd0e38fd4a07a7da7979c915b0af51e590cd08e
    inline_script_4.inline_script.py: 6f11c7a04ebc3659d9d9eed0a08b77e56bb9a259c931a5a2ed98fc3d2dceddfc
    inline_script_5.inline_script.py: 966bf2c7a13da3dc34ff694f761ba168c91234d520c3e9c91ee1f265a4ba1d12
  f/llm_service/lumir_v3.flow:
    __flow_hash: d2ed77a669aa2998a1d8f873122e285d130ef94c00341971555a27f0d77b10d9
    agent.inline_script.py: 070fa6af313271857707c6a9386c02ba03464a65b4beb775c10008575c7a2009
    chat.inline_script.py: b1f601a024ff8188490972add6d3c394bc54d165a03841f966255f58f59a1b73
    checker.inline_script.py: 939c8908c22c3371ddd4286ed754c106ff0eba1bf2c13653b45bbb374965f5a1
    get_memory.inline_script.py: 075a5ca01a78c863c56f7e712abee59f0cc3b5712500e47c7a3b31d80d3778c0
    save_memory.inline_script.py: 9050a29f512830cffdd9f3880ae0dd0b29a780a517b621d2535b16d963442bc8
    valid_input.inline_script.py: 6b9952eb608ce131ce702f9bf502da93b0c5f58fd5b8f359161d3a222fe5baf2
  f/llm_service/lumir/v1/alpha.flow:
    __flow_hash: 47f27fd15dc4c732f5709d04cf65140d193bfc33f969d37b0aefee4f0b673932
    decompose.inline_script.py: 7416bc93c20c82fe7dc785e5fc5588db9514e067c217fa5111276924dbb12c79
    lumir.inline_script.py: 728920bf660e435fb915ac59bf4a561ee36244bcd1738dcf343864edaf64b959
    synthesize.inline_script.py: f81ad7f6d2070644fef084159d1cd6e066d0995091669f9ccbb6436d7d51f802
    tbi.inline_script.py: 06d8d55b669566dc9e1f3c3815f32594d5f52200764b1a70383a8c0703dcc13a
    trading.inline_script.py: db8637669c5f4344cdb39f43e9b7474c0525c55b79207a5c89919dc261f46be0
    validator.inline_script.py: 84e6ee841d4eedc74e39618a6f58e372577c0c8e528e0408371d70cab201363d
  f/rag/beq_v2_hybrid_search.flow:
    __flow_hash: 2495275fc3ba5720a505f145713978ee824cace4826b44dc24533e6d4e187fdc
    hybrid_search_1.inline_script.py: 277a0e1180b7b6fba48632f99e86ed37ca583836356fb0741513767aa4a66f26
    hybrid_search.inline_script.py: 146318e6ab93cb5c343dc90a3074bcf1be95c2992e1552b5d83ae240ca2747ad
    inline_script_0.inline_script.py: 3cac9574a34d93ca5bd5c6250ffd11341784e6cccb4cbd5cfbe2347bc8ec7ce0
    inline_script_2.inline_script.py: 6f11c7a04ebc3659d9d9eed0a08b77e56bb9a259c931a5a2ed98fc3d2dceddfc
    inline_script_3.inline_script.py: 1f121a1aaab042b1639c0d0e4f23bcdbb16a211322a024266ef49b5743ffede4
    validate_collection.inline_script.py: 6231eb31374fdf92a0539577aa3ac6e9d04c626a6d5bbd29148bee28d3c1bed4
    validate_config.inline_script.py: 8945b9555d7a6a0bf379aeef65e802354624e5593f2392ad0738fff8aad5f10a
  f/rag/beq_v2_stream.flow:
    __flow_hash: 936a34a4eeedf521e60eade22ca3494aaec774f3650859e64a8dc4e791501f0f
    inline_script_0.inline_script.py: 2499b8bb98ab0685383d559d6e6ff1a3ddc01afad2591cf810e9238bc4a4eb71
    inline_script_1.inline_script.py: 146318e6ab93cb5c343dc90a3074bcf1be95c2992e1552b5d83ae240ca2747ad
    inline_script_2.inline_script.py: 6231eb31374fdf92a0539577aa3ac6e9d04c626a6d5bbd29148bee28d3c1bed4
    inline_script_3.inline_script.py: 277a0e1180b7b6fba48632f99e86ed37ca583836356fb0741513767aa4a66f26
    inline_script_4.inline_script.py: 3cac9574a34d93ca5bd5c6250ffd11341784e6cccb4cbd5cfbe2347bc8ec7ce0
    inline_script_5.inline_script.py: 6f11c7a04ebc3659d9d9eed0a08b77e56bb9a259c931a5a2ed98fc3d2dceddfc
    inline_script_6.inline_script.py: 9f5ac2eb4a784288cc30e946a83576820036ce151f31b10cb1314b9551df6fa5
  f/rag/beq_v2.flow:
    __flow_hash: 6b89e81b04d195152e38b4298daf210d9925f575333510f5e9440655c830295f
    inline_script_0.inline_script.py: 0affa1458e75f41600abb3279296cb0f12c62c36451d08a0dda1d0e10e8d09f6
    inline_script_1.inline_script.py: dc99db01d87340a1f2371d9f5637f345cd13271926f3f73e4242ccf7816df2b6
    inline_script_2.inline_script.py: c7d6a33698bb48accbf1116d3af206654f41530bb98789a1e213bbb96c389049
    inline_script_3.inline_script.py: 899f31619e6763af3b5d4bc7aa8b275375c6e73848d1b882db58ed30c2c2198b
    inline_script_4.inline_script.py: e7425eb14b2c4ea9641680b53340721771dc9de5691d767f197ee7c0cae97bf3
    inline_script_5.inline_script.py: 8eddbd5a739b5f79bee3da845178ec60717b50673068a1fcca8a770e8729781c
    inline_script_6.inline_script.py: 4b84d33454f7d310a973a7983adff76a0837904435cfbad9d5ce54dd4f3a062e
  f/rag/chunking_v2/a: ec3c0b558400a73c53046b281f6808d60630b4f5dfd9be88ab7b931b3acaa433
  f/rag/chunking_v2/b: 37fb3c0975ed1179d77cd339b10f7592850356c77961850812e13931090ec659
  f/rag/chunking.flow:
    __flow_hash: 004ae0af00dbce1d012be50cabc07ef4a767252a8d92a37d87765a952ccc69d4
    inline_script_0.inline_script.py: bb7e2413768ea7445bcc4ae8703e6632a1945b442d4e9fad4929e8fca4f41b3e
  f/weather/beq_v2_dev.flow:
    __flow_hash: c2829eea12584b7852056455755e4729e0fca2754b7ff394a9c9427599f0616b
    inline_script_0.inline_script.py: bd35b2a588c316633ef629f9f27f0af58df14a71b65023e5113435845ac476b6
    inline_script_1.inline_script.py: 6b67d3c612b8ef637a3f04d6b0e134b8e5f215320022bcd2c46b2db2b7360603
    inline_script_10.inline_script.py: a92ad3472e0b57099613470b5bb1be6a17f0bc77d47dc851c8bbf402532ac5c1
    inline_script_2.inline_script.py: 86e7e060bb00528127a518e6842cee0d6653bb47fbf72db8292c59334f55d53e
    inline_script_3.inline_script.py: d921bd3e96c6957c434c38b2af2f5b7a33c38c05984934f666a6c8f1797dc1ac
    inline_script_4.inline_script.py: 0c4f2a13b81066c784bcb159c39c6eb235ce73eb38a4570fa18750ebe21423a3
    inline_script_5.inline_script.py: bc85bb9efd209858afd69b936db1599ef2b2291806e8b76dc087e402e5aa6594
    inline_script_6.inline_script.py: 2e2d257a87a2b861475960a4c48bca95a0cb18f25818c211ef704d4e0849fb86
    inline_script_7.inline_script.py: 85ef52d4ca15e3613c95d03a4630d71b41118045cdb9605bf74442dd35721eac
    inline_script_8.inline_script.py: 9cb5f8b62a19419223dbdd2ce4799e18a113a894fd88cec8f994859cbdb51f3f
    inline_script_9.inline_script.py: 3bb9f4c8ac2028c6d59be3951485aa1139e38cebe17373ef2bdb38341f33ba0d
  f/weather/kafka_weather_stream: 233485f1d8ec364f1e8d94854f22930997eb39710248e6e836ff0d21a66d25bb
  f/weather/websocket_middleware_: ce4449a9e924aee3b8450e75db4969706454813a4aebd96c525d6b534693cbf1
